// !$*UTF8*$!
{
	archiveVersion = 1;
	classes = {
	};
	objectVersion = 46;
	objects = {

/* Begin PBXBuildFile section */
		FB5FFB4C1E5C5C6D007A7069 /* main.m in Sources */ = {isa = PBXBuildFile; fileRef = FB5FFB4B1E5C5C6D007A7069 /* main.m */; };
		FB5FFB4F1E5C5C6D007A7069 /* AppDelegate.m in Sources */ = {isa = PBXBuildFile; fileRef = FB5FFB4E1E5C5C6D007A7069 /* AppDelegate.m */; };
		FB5FFB521E5C5C6D007A7069 /* ViewController.m in Sources */ = {isa = PBXBuildFile; fileRef = FB5FFB511E5C5C6D007A7069 /* ViewController.m */; };
		FB5FFB551E5C5C6D007A7069 /* Main.storyboard in Resources */ = {isa = PBXBuildFile; fileRef = FB5FFB531E5C5C6D007A7069 /* Main.storyboard */; };
		FB5FFB571E5C5C6D007A7069 /* Assets.xcassets in Resources */ = {isa = PBXBuildFile; fileRef = FB5FFB561E5C5C6D007A7069 /* Assets.xcassets */; };
		FB5FFB5A1E5C5C6D007A7069 /* LaunchScreen.storyboard in Resources */ = {isa = PBXBuildFile; fileRef = FB5FFB581E5C5C6D007A7069 /* LaunchScreen.storyboard */; };
		FB5FFB651E5C5C6E007A7069 /* NumbersTests.m in Sources */ = {isa = PBXBuildFile; fileRef = FB5FFB641E5C5C6E007A7069 /* NumbersTests.m */; };
		FB5FFB701E5C5C6E007A7069 /* NumbersUITests.m in Sources */ = {isa = PBXBuildFile; fileRef = FB5FFB6F1E5C5C6E007A7069 /* NumbersUITests.m */; };
		FB5FFB841E5C5C8E007A7069 /* NotificationCenter.framework in Frameworks */ = {isa = PBXBuildFile; fileRef = FB5FFB831E5C5C8E007A7069 /* NotificationCenter.framework */; };
		FB5FFB881E5C5C8E007A7069 /* TodayViewController.m in Sources */ = {isa = PBXBuildFile; fileRef = FB5FFB871E5C5C8E007A7069 /* TodayViewController.m */; };
		FB5FFB8B1E5C5C8E007A7069 /* MainInterface.storyboard in Resources */ = {isa = PBXBuildFile; fileRef = FB5FFB891E5C5C8E007A7069 /* MainInterface.storyboard */; };
		FB5FFB8F1E5C5C8E007A7069 /* WidgetNumber.appex in Embed App Extensions */ = {isa = PBXBuildFile; fileRef = FB5FFB811E5C5C8D007A7069 /* WidgetNumber.appex */; settings = {ATTRIBUTES = (RemoveHeadersOnCopy, ); }; };
		FB5FFBA51E5C5E9E007A7069 /* WidgetFileManager.m in Sources */ = {isa = PBXBuildFile; fileRef = FB5FFB971E5C5E9E007A7069 /* WidgetFileManager.m */; };
		FB5FFBA71E5C5E9E007A7069 /* WidgetFileTransiting.m in Sources */ = {isa = PBXBuildFile; fileRef = FB5FFB9B1E5C5E9E007A7069 /* WidgetFileTransiting.m */; };
		FB5FFBBB1E5C5EAD007A7069 /* FileManager.m in Sources */ = {isa = PBXBuildFile; fileRef = FB5FFBAD1E5C5EAD007A7069 /* FileManager.m */; };
		FB5FFBBD1E5C5EAD007A7069 /* FileTransiting.m in Sources */ = {isa = PBXBuildFile; fileRef = FB5FFBB11E5C5EAD007A7069 /* FileTransiting.m */; };
		FB5FFBC91E5C82D2007A7069 /* TableViewCell.m in Sources */ = {isa = PBXBuildFile; fileRef = FB5FFBC81E5C82D2007A7069 /* TableViewCell.m */; };
/* End PBXBuildFile section */

/* Begin PBXContainerItemProxy section */
		FB5FFB611E5C5C6E007A7069 /* PBXContainerItemProxy */ = {
			isa = PBXContainerItemProxy;
			containerPortal = FB5FFB3F1E5C5C6D007A7069 /* Project object */;
			proxyType = 1;
			remoteGlobalIDString = FB5FFB461E5C5C6D007A7069;
			remoteInfo = Numbers;
		};
		FB5FFB6C1E5C5C6E007A7069 /* PBXContainerItemProxy */ = {
			isa = PBXContainerItemProxy;
			containerPortal = FB5FFB3F1E5C5C6D007A7069 /* Project object */;
			proxyType = 1;
			remoteGlobalIDString = FB5FFB461E5C5C6D007A7069;
			remoteInfo = Numbers;
		};
		FB5FFB8D1E5C5C8E007A7069 /* PBXContainerItemProxy */ = {
			isa = PBXContainerItemProxy;
			containerPortal = FB5FFB3F1E5C5C6D007A7069 /* Project object */;
			proxyType = 1;
			remoteGlobalIDString = FB5FFB801E5C5C8D007A7069;
			remoteInfo = WidgetNumber;
		};
/* End PBXContainerItemProxy section */

/* Begin PBXCopyFilesBuildPhase section */
		FB5FFB931E5C5C8E007A7069 /* Embed App Extensions */ = {
			isa = PBXCopyFilesBuildPhase;
			buildActionMask = 2147483647;
			dstPath = "";
			dstSubfolderSpec = 13;
			files = (
				FB5FFB8F1E5C5C8E007A7069 /* WidgetNumber.appex in Embed App Extensions */,
			);
			name = "Embed App Extensions";
			runOnlyForDeploymentPostprocessing = 0;
		};
/* End PBXCopyFilesBuildPhase section */

/* Begin PBXFileReference section */
		FB5FFB471E5C5C6D007A7069 /* Numbers.app */ = {isa = PBXFileReference; explicitFileType = wrapper.application; includeInIndex = 0; path = Numbers.app; sourceTree = BUILT_PRODUCTS_DIR; };
		FB5FFB4B1E5C5C6D007A7069 /* main.m */ = {isa = PBXFileReference; lastKnownFileType = sourcecode.c.objc; path = main.m; sourceTree = "<group>"; };
		FB5FFB4D1E5C5C6D007A7069 /* AppDelegate.h */ = {isa = PBXFileReference; lastKnownFileType = sourcecode.c.h; path = AppDelegate.h; sourceTree = "<group>"; };
		FB5FFB4E1E5C5C6D007A7069 /* AppDelegate.m */ = {isa = PBXFileReference; lastKnownFileType = sourcecode.c.objc; path = AppDelegate.m; sourceTree = "<group>"; };
		FB5FFB501E5C5C6D007A7069 /* ViewController.h */ = {isa = PBXFileReference; lastKnownFileType = sourcecode.c.h; path = ViewController.h; sourceTree = "<group>"; };
		FB5FFB511E5C5C6D007A7069 /* ViewController.m */ = {isa = PBXFileReference; lastKnownFileType = sourcecode.c.objc; path = ViewController.m; sourceTree = "<group>"; };
		FB5FFB541E5C5C6D007A7069 /* Base */ = {isa = PBXFileReference; lastKnownFileType = file.storyboard; name = Base; path = Base.lproj/Main.storyboard; sourceTree = "<group>"; };
		FB5FFB561E5C5C6D007A7069 /* Assets.xcassets */ = {isa = PBXFileReference; lastKnownFileType = folder.assetcatalog; path = Assets.xcassets; sourceTree = "<group>"; };
		FB5FFB591E5C5C6D007A7069 /* Base */ = {isa = PBXFileReference; lastKnownFileType = file.storyboard; name = Base; path = Base.lproj/LaunchScreen.storyboard; sourceTree = "<group>"; };
		FB5FFB5B1E5C5C6D007A7069 /* Info.plist */ = {isa = PBXFileReference; lastKnownFileType = text.plist.xml; path = Info.plist; sourceTree = "<group>"; };
		FB5FFB601E5C5C6E007A7069 /* NumbersTests.xctest */ = {isa = PBXFileReference; explicitFileType = wrapper.cfbundle; includeInIndex = 0; path = NumbersTests.xctest; sourceTree = BUILT_PRODUCTS_DIR; };
		FB5FFB641E5C5C6E007A7069 /* NumbersTests.m */ = {isa = PBXFileReference; lastKnownFileType = sourcecode.c.objc; path = NumbersTests.m; sourceTree = "<group>"; };
		FB5FFB661E5C5C6E007A7069 /* Info.plist */ = {isa = PBXFileReference; lastKnownFileType = text.plist.xml; path = Info.plist; sourceTree = "<group>"; };
		FB5FFB6B1E5C5C6E007A7069 /* NumbersUITests.xctest */ = {isa = PBXFileReference; explicitFileType = wrapper.cfbundle; includeInIndex = 0; path = NumbersUITests.xctest; sourceTree = BUILT_PRODUCTS_DIR; };
		FB5FFB6F1E5C5C6E007A7069 /* NumbersUITests.m */ = {isa = PBXFileReference; lastKnownFileType = sourcecode.c.objc; path = NumbersUITests.m; sourceTree = "<group>"; };
		FB5FFB711E5C5C6E007A7069 /* Info.plist */ = {isa = PBXFileReference; lastKnownFileType = text.plist.xml; path = Info.plist; sourceTree = "<group>"; };
		FB5FFB811E5C5C8D007A7069 /* WidgetNumber.appex */ = {isa = PBXFileReference; explicitFileType = "wrapper.app-extension"; includeInIndex = 0; path = WidgetNumber.appex; sourceTree = BUILT_PRODUCTS_DIR; };
		FB5FFB831E5C5C8E007A7069 /* NotificationCenter.framework */ = {isa = PBXFileReference; lastKnownFileType = wrapper.framework; name = NotificationCenter.framework; path = System/Library/Frameworks/NotificationCenter.framework; sourceTree = SDKROOT; };
		FB5FFB861E5C5C8E007A7069 /* TodayViewController.h */ = {isa = PBXFileReference; lastKnownFileType = sourcecode.c.h; path = TodayViewController.h; sourceTree = "<group>"; };
		FB5FFB871E5C5C8E007A7069 /* TodayViewController.m */ = {isa = PBXFileReference; lastKnownFileType = sourcecode.c.objc; path = TodayViewController.m; sourceTree = "<group>"; };
		FB5FFB8A1E5C5C8E007A7069 /* Base */ = {isa = PBXFileReference; lastKnownFileType = file.storyboard; name = Base; path = Base.lproj/MainInterface.storyboard; sourceTree = "<group>"; };
		FB5FFB8C1E5C5C8E007A7069 /* Info.plist */ = {isa = PBXFileReference; lastKnownFileType = text.plist.xml; path = Info.plist; sourceTree = "<group>"; };
		FB5FFB941E5C5C9C007A7069 /* WidgetNumber.entitlements */ = {isa = PBXFileReference; lastKnownFileType = text.plist.entitlements; path = WidgetNumber.entitlements; sourceTree = "<group>"; };
		FB5FFB951E5C5CC7007A7069 /* Numbers.entitlements */ = {isa = PBXFileReference; lastKnownFileType = text.plist.entitlements; path = Numbers.entitlements; sourceTree = "<group>"; };
		FB5FFB961E5C5E9E007A7069 /* WidgetFileManager.h */ = {isa = PBXFileReference; fileEncoding = 4; lastKnownFileType = sourcecode.c.h; path = WidgetFileManager.h; sourceTree = "<group>"; };
		FB5FFB971E5C5E9E007A7069 /* WidgetFileManager.m */ = {isa = PBXFileReference; fileEncoding = 4; lastKnownFileType = sourcecode.c.objc; path = WidgetFileManager.m; sourceTree = "<group>"; };
		FB5FFB9A1E5C5E9E007A7069 /* WidgetFileTransiting.h */ = {isa = PBXFileReference; fileEncoding = 4; lastKnownFileType = sourcecode.c.h; path = WidgetFileTransiting.h; sourceTree = "<group>"; };
		FB5FFB9B1E5C5E9E007A7069 /* WidgetFileTransiting.m */ = {isa = PBXFileReference; fileEncoding = 4; lastKnownFileType = sourcecode.c.objc; path = WidgetFileTransiting.m; sourceTree = "<group>"; };
		FB5FFBAC1E5C5EAD007A7069 /* FileManager.h */ = {isa = PBXFileReference; fileEncoding = 4; lastKnownFileType = sourcecode.c.h; path = FileManager.h; sourceTree = "<group>"; };
		FB5FFBAD1E5C5EAD007A7069 /* FileManager.m */ = {isa = PBXFileReference; fileEncoding = 4; lastKnownFileType = sourcecode.c.objc; path = FileManager.m; sourceTree = "<group>"; };
		FB5FFBB01E5C5EAD007A7069 /* FileTransiting.h */ = {isa = PBXFileReference; fileEncoding = 4; lastKnownFileType = sourcecode.c.h; path = FileTransiting.h; sourceTree = "<group>"; };
		FB5FFBB11E5C5EAD007A7069 /* FileTransiting.m */ = {isa = PBXFileReference; fileEncoding = 4; lastKnownFileType = sourcecode.c.objc; path = FileTransiting.m; sourceTree = "<group>"; };
		FB5FFBC71E5C82D2007A7069 /* TableViewCell.h */ = {isa = PBXFileReference; fileEncoding = 4; lastKnownFileType = sourcecode.c.h; path = TableViewCell.h; sourceTree = "<group>"; };
		FB5FFBC81E5C82D2007A7069 /* TableViewCell.m */ = {isa = PBXFileReference; fileEncoding = 4; lastKnownFileType = sourcecode.c.objc; path = TableViewCell.m; sourceTree = "<group>"; };
/* End PBXFileReference section */

/* Begin PBXFrameworksBuildPhase section */
		FB5FFB441E5C5C6D007A7069 /* Frameworks */ = {
			isa = PBXFrameworksBuildPhase;
			buildActionMask = 2147483647;
			files = (
			);
			runOnlyForDeploymentPostprocessing = 0;
		};
		FB5FFB5D1E5C5C6E007A7069 /* Frameworks */ = {
			isa = PBXFrameworksBuildPhase;
			buildActionMask = 2147483647;
			files = (
			);
			runOnlyForDeploymentPostprocessing = 0;
		};
		FB5FFB681E5C5C6E007A7069 /* Frameworks */ = {
			isa = PBXFrameworksBuildPhase;
			buildActionMask = 2147483647;
			files = (
			);
			runOnlyForDeploymentPostprocessing = 0;
		};
		FB5FFB7E1E5C5C8D007A7069 /* Frameworks */ = {
			isa = PBXFrameworksBuildPhase;
			buildActionMask = 2147483647;
			files = (
				FB5FFB841E5C5C8E007A7069 /* NotificationCenter.framework in Frameworks */,
			);
			runOnlyForDeploymentPostprocessing = 0;
		};
/* End PBXFrameworksBuildPhase section */

/* Begin PBXGroup section */
		FB5FFB3E1E5C5C6D007A7069 = {
			isa = PBXGroup;
			children = (
				FB5FFB491E5C5C6D007A7069 /* Numbers */,
				FB5FFB631E5C5C6E007A7069 /* NumbersTests */,
				FB5FFB6E1E5C5C6E007A7069 /* NumbersUITests */,
				FB5FFB851E5C5C8E007A7069 /* WidgetNumber */,
				FB5FFB821E5C5C8E007A7069 /* Frameworks */,
				FB5FFB481E5C5C6D007A7069 /* Products */,
			);
			sourceTree = "<group>";
		};
		FB5FFB481E5C5C6D007A7069 /* Products */ = {
			isa = PBXGroup;
			children = (
				FB5FFB471E5C5C6D007A7069 /* Numbers.app */,
				FB5FFB601E5C5C6E007A7069 /* NumbersTests.xctest */,
				FB5FFB6B1E5C5C6E007A7069 /* NumbersUITests.xctest */,
				FB5FFB811E5C5C8D007A7069 /* WidgetNumber.appex */,
			);
			name = Products;
			sourceTree = "<group>";
		};
		FB5FFB491E5C5C6D007A7069 /* Numbers */ = {
			isa = PBXGroup;
			children = (
				FB5FFB951E5C5CC7007A7069 /* Numbers.entitlements */,
				FB5FFB4D1E5C5C6D007A7069 /* AppDelegate.h */,
				FB5FFB4E1E5C5C6D007A7069 /* AppDelegate.m */,
				FB5FFB501E5C5C6D007A7069 /* ViewController.h */,
				FB5FFB511E5C5C6D007A7069 /* ViewController.m */,
				FB5FFB531E5C5C6D007A7069 /* Main.storyboard */,
				FB5FFB561E5C5C6D007A7069 /* Assets.xcassets */,
				FB5FFB581E5C5C6D007A7069 /* LaunchScreen.storyboard */,
				FB5FFB5B1E5C5C6D007A7069 /* Info.plist */,
				FB5FFB4A1E5C5C6D007A7069 /* Supporting Files */,
			);
			path = Numbers;
			sourceTree = "<group>";
		};
		FB5FFB4A1E5C5C6D007A7069 /* Supporting Files */ = {
			isa = PBXGroup;
			children = (
				FB5FFBAC1E5C5EAD007A7069 /* FileManager.h */,
				FB5FFBAD1E5C5EAD007A7069 /* FileManager.m */,
				FB5FFBB01E5C5EAD007A7069 /* FileTransiting.h */,
				FB5FFBB11E5C5EAD007A7069 /* FileTransiting.m */,
				FB5FFB4B1E5C5C6D007A7069 /* main.m */,
			);
			name = "Supporting Files";
			sourceTree = "<group>";
		};
		FB5FFB631E5C5C6E007A7069 /* NumbersTests */ = {
			isa = PBXGroup;
			children = (
				FB5FFB641E5C5C6E007A7069 /* NumbersTests.m */,
				FB5FFB661E5C5C6E007A7069 /* Info.plist */,
			);
			path = NumbersTests;
			sourceTree = "<group>";
		};
		FB5FFB6E1E5C5C6E007A7069 /* NumbersUITests */ = {
			isa = PBXGroup;
			children = (
				FB5FFB6F1E5C5C6E007A7069 /* NumbersUITests.m */,
				FB5FFB711E5C5C6E007A7069 /* Info.plist */,
			);
			path = NumbersUITests;
			sourceTree = "<group>";
		};
		FB5FFB821E5C5C8E007A7069 /* Frameworks */ = {
			isa = PBXGroup;
			children = (
				FB5FFB831E5C5C8E007A7069 /* NotificationCenter.framework */,
			);
			name = Frameworks;
			sourceTree = "<group>";
		};
		FB5FFB851E5C5C8E007A7069 /* WidgetNumber */ = {
			isa = PBXGroup;
			children = (
				FB5FFBC21E5C6A31007A7069 /* Supporting Files */,
				FB5FFB861E5C5C8E007A7069 /* TodayViewController.h */,
				FB5FFB871E5C5C8E007A7069 /* TodayViewController.m */,
				FB5FFB941E5C5C9C007A7069 /* WidgetNumber.entitlements */,
				FB5FFB891E5C5C8E007A7069 /* MainInterface.storyboard */,
				FB5FFB8C1E5C5C8E007A7069 /* Info.plist */,
			);
			path = WidgetNumber;
			sourceTree = "<group>";
		};
		FB5FFBC21E5C6A31007A7069 /* Supporting Files */ = {
			isa = PBXGroup;
			children = (
				FB5FFB961E5C5E9E007A7069 /* WidgetFileManager.h */,
				FB5FFB971E5C5E9E007A7069 /* WidgetFileManager.m */,
				FB5FFB9A1E5C5E9E007A7069 /* WidgetFileTransiting.h */,
				FB5FFB9B1E5C5E9E007A7069 /* WidgetFileTransiting.m */,
				FB5FFBC71E5C82D2007A7069 /* TableViewCell.h */,
				FB5FFBC81E5C82D2007A7069 /* TableViewCell.m */,
			);
			name = "Supporting Files";
			sourceTree = "<group>";
		};
/* End PBXGroup section */

/* Begin PBXNativeTarget section */
		FB5FFB461E5C5C6D007A7069 /* Numbers */ = {
			isa = PBXNativeTarget;
			buildConfigurationList = FB5FFB741E5C5C6E007A7069 /* Build configuration list for PBXNativeTarget "Numbers" */;
			buildPhases = (
				FB5FFB431E5C5C6D007A7069 /* Sources */,
				FB5FFB441E5C5C6D007A7069 /* Frameworks */,
				FB5FFB451E5C5C6D007A7069 /* Resources */,
				FB5FFB931E5C5C8E007A7069 /* Embed App Extensions */,
			);
			buildRules = (
			);
			dependencies = (
				FB5FFB8E1E5C5C8E007A7069 /* PBXTargetDependency */,
			);
			name = Numbers;
			productName = Numbers;
			productReference = FB5FFB471E5C5C6D007A7069 /* Numbers.app */;
			productType = "com.apple.product-type.application";
		};
		FB5FFB5F1E5C5C6E007A7069 /* NumbersTests */ = {
			isa = PBXNativeTarget;
			buildConfigurationList = FB5FFB771E5C5C6E007A7069 /* Build configuration list for PBXNativeTarget "NumbersTests" */;
			buildPhases = (
				FB5FFB5C1E5C5C6E007A7069 /* Sources */,
				FB5FFB5D1E5C5C6E007A7069 /* Frameworks */,
				FB5FFB5E1E5C5C6E007A7069 /* Resources */,
			);
			buildRules = (
			);
			dependencies = (
				FB5FFB621E5C5C6E007A7069 /* PBXTargetDependency */,
			);
			name = NumbersTests;
			productName = NumbersTests;
			productReference = FB5FFB601E5C5C6E007A7069 /* NumbersTests.xctest */;
			productType = "com.apple.product-type.bundle.unit-test";
		};
		FB5FFB6A1E5C5C6E007A7069 /* NumbersUITests */ = {
			isa = PBXNativeTarget;
			buildConfigurationList = FB5FFB7A1E5C5C6E007A7069 /* Build configuration list for PBXNativeTarget "NumbersUITests" */;
			buildPhases = (
				FB5FFB671E5C5C6E007A7069 /* Sources */,
				FB5FFB681E5C5C6E007A7069 /* Frameworks */,
				FB5FFB691E5C5C6E007A7069 /* Resources */,
			);
			buildRules = (
			);
			dependencies = (
				FB5FFB6D1E5C5C6E007A7069 /* PBXTargetDependency */,
			);
			name = NumbersUITests;
			productName = NumbersUITests;
			productReference = FB5FFB6B1E5C5C6E007A7069 /* NumbersUITests.xctest */;
			productType = "com.apple.product-type.bundle.ui-testing";
		};
		FB5FFB801E5C5C8D007A7069 /* WidgetNumber */ = {
			isa = PBXNativeTarget;
			buildConfigurationList = FB5FFB901E5C5C8E007A7069 /* Build configuration list for PBXNativeTarget "WidgetNumber" */;
			buildPhases = (
				FB5FFB7D1E5C5C8D007A7069 /* Sources */,
				FB5FFB7E1E5C5C8D007A7069 /* Frameworks */,
				FB5FFB7F1E5C5C8D007A7069 /* Resources */,
			);
			buildRules = (
			);
			dependencies = (
			);
			name = WidgetNumber;
			productName = WidgetNumber;
			productReference = FB5FFB811E5C5C8D007A7069 /* WidgetNumber.appex */;
			productType = "com.apple.product-type.app-extension";
		};
/* End PBXNativeTarget section */

/* Begin PBXProject section */
		FB5FFB3F1E5C5C6D007A7069 /* Project object */ = {
			isa = PBXProject;
			attributes = {
				LastUpgradeCheck = 0810;
				ORGANIZATIONNAME = "Anna Zelinskaya";
				TargetAttributes = {
					FB5FFB461E5C5C6D007A7069 = {
						CreatedOnToolsVersion = 8.1;
						DevelopmentTeam = G92J989NJ6;
						ProvisioningStyle = Automatic;
						SystemCapabilities = {
							com.apple.ApplicationGroups.iOS = {
								enabled = 1;
							};
						};
					};
					FB5FFB5F1E5C5C6E007A7069 = {
						CreatedOnToolsVersion = 8.1;
						DevelopmentTeam = G92J989NJ6;
						ProvisioningStyle = Automatic;
						TestTargetID = FB5FFB461E5C5C6D007A7069;
					};
					FB5FFB6A1E5C5C6E007A7069 = {
						CreatedOnToolsVersion = 8.1;
						DevelopmentTeam = G92J989NJ6;
						ProvisioningStyle = Automatic;
						TestTargetID = FB5FFB461E5C5C6D007A7069;
					};
					FB5FFB801E5C5C8D007A7069 = {
						CreatedOnToolsVersion = 8.1;
						DevelopmentTeam = G92J989NJ6;
						ProvisioningStyle = Automatic;
						SystemCapabilities = {
							com.apple.ApplicationGroups.iOS = {
								enabled = 1;
							};
						};
					};
				};
			};
			buildConfigurationList = FB5FFB421E5C5C6D007A7069 /* Build configuration list for PBXProject "Numbers" */;
			compatibilityVersion = "Xcode 3.2";
			developmentRegion = English;
			hasScannedForEncodings = 0;
			knownRegions = (
				en,
				Base,
			);
			mainGroup = FB5FFB3E1E5C5C6D007A7069;
			productRefGroup = FB5FFB481E5C5C6D007A7069 /* Products */;
			projectDirPath = "";
			projectRoot = "";
			targets = (
				FB5FFB461E5C5C6D007A7069 /* Numbers */,
				FB5FFB5F1E5C5C6E007A7069 /* NumbersTests */,
				FB5FFB6A1E5C5C6E007A7069 /* NumbersUITests */,
				FB5FFB801E5C5C8D007A7069 /* WidgetNumber */,
			);
		};
/* End PBXProject section */

/* Begin PBXResourcesBuildPhase section */
		FB5FFB451E5C5C6D007A7069 /* Resources */ = {
			isa = PBXResourcesBuildPhase;
			buildActionMask = 2147483647;
			files = (
				FB5FFB5A1E5C5C6D007A7069 /* LaunchScreen.storyboard in Resources */,
				FB5FFB571E5C5C6D007A7069 /* Assets.xcassets in Resources */,
				FB5FFB551E5C5C6D007A7069 /* Main.storyboard in Resources */,
			);
			runOnlyForDeploymentPostprocessing = 0;
		};
		FB5FFB5E1E5C5C6E007A7069 /* Resources */ = {
			isa = PBXResourcesBuildPhase;
			buildActionMask = 2147483647;
			files = (
			);
			runOnlyForDeploymentPostprocessing = 0;
		};
		FB5FFB691E5C5C6E007A7069 /* Resources */ = {
			isa = PBXResourcesBuildPhase;
			buildActionMask = 2147483647;
			files = (
			);
			runOnlyForDeploymentPostprocessing = 0;
		};
		FB5FFB7F1E5C5C8D007A7069 /* Resources */ = {
			isa = PBXResourcesBuildPhase;
			buildActionMask = 2147483647;
			files = (
				FB5FFB8B1E5C5C8E007A7069 /* MainInterface.storyboard in Resources */,
			);
			runOnlyForDeploymentPostprocessing = 0;
		};
/* End PBXResourcesBuildPhase section */

/* Begin PBXSourcesBuildPhase section */
		FB5FFB431E5C5C6D007A7069 /* Sources */ = {
			isa = PBXSourcesBuildPhase;
			buildActionMask = 2147483647;
			files = (
				FB5FFB521E5C5C6D007A7069 /* ViewController.m in Sources */,
				FB5FFBBD1E5C5EAD007A7069 /* FileTransiting.m in Sources */,
				FB5FFB4F1E5C5C6D007A7069 /* AppDelegate.m in Sources */,
				FB5FFBBB1E5C5EAD007A7069 /* FileManager.m in Sources */,
				FB5FFB4C1E5C5C6D007A7069 /* main.m in Sources */,
			);
			runOnlyForDeploymentPostprocessing = 0;
		};
		FB5FFB5C1E5C5C6E007A7069 /* Sources */ = {
			isa = PBXSourcesBuildPhase;
			buildActionMask = 2147483647;
			files = (
				FB5FFB651E5C5C6E007A7069 /* NumbersTests.m in Sources */,
			);
			runOnlyForDeploymentPostprocessing = 0;
		};
		FB5FFB671E5C5C6E007A7069 /* Sources */ = {
			isa = PBXSourcesBuildPhase;
			buildActionMask = 2147483647;
			files = (
				FB5FFB701E5C5C6E007A7069 /* NumbersUITests.m in Sources */,
			);
			runOnlyForDeploymentPostprocessing = 0;
		};
		FB5FFB7D1E5C5C8D007A7069 /* Sources */ = {
			isa = PBXSourcesBuildPhase;
			buildActionMask = 2147483647;
			files = (
				FB5FFBA51E5C5E9E007A7069 /* WidgetFileManager.m in Sources */,
				FB5FFBC91E5C82D2007A7069 /* TableViewCell.m in Sources */,
				FB5FFB881E5C5C8E007A7069 /* TodayViewController.m in Sources */,
				FB5FFBA71E5C5E9E007A7069 /* WidgetFileTransiting.m in Sources */,
			);
			runOnlyForDeploymentPostprocessing = 0;
		};
/* End PBXSourcesBuildPhase section */

/* Begin PBXTargetDependency section */
		FB5FFB621E5C5C6E007A7069 /* PBXTargetDependency */ = {
			isa = PBXTargetDependency;
			target = FB5FFB461E5C5C6D007A7069 /* Numbers */;
			targetProxy = FB5FFB611E5C5C6E007A7069 /* PBXContainerItemProxy */;
		};
		FB5FFB6D1E5C5C6E007A7069 /* PBXTargetDependency */ = {
			isa = PBXTargetDependency;
			target = FB5FFB461E5C5C6D007A7069 /* Numbers */;
			targetProxy = FB5FFB6C1E5C5C6E007A7069 /* PBXContainerItemProxy */;
		};
		FB5FFB8E1E5C5C8E007A7069 /* PBXTargetDependency */ = {
			isa = PBXTargetDependency;
			target = FB5FFB801E5C5C8D007A7069 /* WidgetNumber */;
			targetProxy = FB5FFB8D1E5C5C8E007A7069 /* PBXContainerItemProxy */;
		};
/* End PBXTargetDependency section */

/* Begin PBXVariantGroup section */
		FB5FFB531E5C5C6D007A7069 /* Main.storyboard */ = {
			isa = PBXVariantGroup;
			children = (
				FB5FFB541E5C5C6D007A7069 /* Base */,
			);
			name = Main.storyboard;
			sourceTree = "<group>";
		};
		FB5FFB581E5C5C6D007A7069 /* LaunchScreen.storyboard */ = {
			isa = PBXVariantGroup;
			children = (
				FB5FFB591E5C5C6D007A7069 /* Base */,
			);
			name = LaunchScreen.storyboard;
			sourceTree = "<group>";
		};
		FB5FFB891E5C5C8E007A7069 /* MainInterface.storyboard */ = {
			isa = PBXVariantGroup;
			children = (
				FB5FFB8A1E5C5C8E007A7069 /* Base */,
			);
			name = MainInterface.storyboard;
			sourceTree = "<group>";
		};
/* End PBXVariantGroup section */

/* Begin XCBuildConfiguration section */
		FB5FFB721E5C5C6E007A7069 /* Debug */ = {
			isa = XCBuildConfiguration;
			buildSettings = {
				ALWAYS_SEARCH_USER_PATHS = NO;
				CLANG_ANALYZER_NONNULL = YES;
				CLANG_CXX_LANGUAGE_STANDARD = "gnu++0x";
				CLANG_CXX_LIBRARY = "libc++";
				CLANG_ENABLE_MODULES = YES;
				CLANG_ENABLE_OBJC_ARC = YES;
				CLANG_WARN_BOOL_CONVERSION = YES;
				CLANG_WARN_CONSTANT_CONVERSION = YES;
				CLANG_WARN_DIRECT_OBJC_ISA_USAGE = YES_ERROR;
				CLANG_WARN_DOCUMENTATION_COMMENTS = YES;
				CLANG_WARN_EMPTY_BODY = YES;
				CLANG_WARN_ENUM_CONVERSION = YES;
				CLANG_WARN_INFINITE_RECURSION = YES;
				CLANG_WARN_INT_CONVERSION = YES;
				CLANG_WARN_OBJC_ROOT_CLASS = YES_ERROR;
				CLANG_WARN_SUSPICIOUS_MOVES = YES;
				CLANG_WARN_UNREACHABLE_CODE = YES;
				CLANG_WARN__DUPLICATE_METHOD_MATCH = YES;
				"CODE_SIGN_IDENTITY[sdk=iphoneos*]" = "iPhone Developer";
				COPY_PHASE_STRIP = NO;
				DEBUG_INFORMATION_FORMAT = dwarf;
				ENABLE_STRICT_OBJC_MSGSEND = YES;
				ENABLE_TESTABILITY = YES;
				GCC_C_LANGUAGE_STANDARD = gnu99;
				GCC_DYNAMIC_NO_PIC = NO;
				GCC_NO_COMMON_BLOCKS = YES;
				GCC_OPTIMIZATION_LEVEL = 0;
				GCC_PREPROCESSOR_DEFINITIONS = (
					"DEBUG=1",
					"$(inherited)",
				);
				GCC_WARN_64_TO_32_BIT_CONVERSION = YES;
				GCC_WARN_ABOUT_RETURN_TYPE = YES_ERROR;
				GCC_WARN_UNDECLARED_SELECTOR = YES;
				GCC_WARN_UNINITIALIZED_AUTOS = YES_AGGRESSIVE;
				GCC_WARN_UNUSED_FUNCTION = YES;
				GCC_WARN_UNUSED_VARIABLE = YES;
				IPHONEOS_DEPLOYMENT_TARGET = 10.1;
				MTL_ENABLE_DEBUG_INFO = YES;
				ONLY_ACTIVE_ARCH = YES;
				SDKROOT = iphoneos;
				TARGETED_DEVICE_FAMILY = "1,2";
			};
			name = Debug;
		};
		FB5FFB731E5C5C6E007A7069 /* Release */ = {
			isa = XCBuildConfiguration;
			buildSettings = {
				ALWAYS_SEARCH_USER_PATHS = NO;
				CLANG_ANALYZER_NONNULL = YES;
				CLANG_CXX_LANGUAGE_STANDARD = "gnu++0x";
				CLANG_CXX_LIBRARY = "libc++";
				CLANG_ENABLE_MODULES = YES;
				CLANG_ENABLE_OBJC_ARC = YES;
				CLANG_WARN_BOOL_CONVERSION = YES;
				CLANG_WARN_CONSTANT_CONVERSION = YES;
				CLANG_WARN_DIRECT_OBJC_ISA_USAGE = YES_ERROR;
				CLANG_WARN_DOCUMENTATION_COMMENTS = YES;
				CLANG_WARN_EMPTY_BODY = YES;
				CLANG_WARN_ENUM_CONVERSION = YES;
				CLANG_WARN_INFINITE_RECURSION = YES;
				CLANG_WARN_INT_CONVERSION = YES;
				CLANG_WARN_OBJC_ROOT_CLASS = YES_ERROR;
				CLANG_WARN_SUSPICIOUS_MOVES = YES;
				CLANG_WARN_UNREACHABLE_CODE = YES;
				CLANG_WARN__DUPLICATE_METHOD_MATCH = YES;
				"CODE_SIGN_IDENTITY[sdk=iphoneos*]" = "iPhone Developer";
				COPY_PHASE_STRIP = NO;
				DEBUG_INFORMATION_FORMAT = "dwarf-with-dsym";
				ENABLE_NS_ASSERTIONS = NO;
				ENABLE_STRICT_OBJC_MSGSEND = YES;
				GCC_C_LANGUAGE_STANDARD = gnu99;
				GCC_NO_COMMON_BLOCKS = YES;
				GCC_WARN_64_TO_32_BIT_CONVERSION = YES;
				GCC_WARN_ABOUT_RETURN_TYPE = YES_ERROR;
				GCC_WARN_UNDECLARED_SELECTOR = YES;
				GCC_WARN_UNINITIALIZED_AUTOS = YES_AGGRESSIVE;
				GCC_WARN_UNUSED_FUNCTION = YES;
				GCC_WARN_UNUSED_VARIABLE = YES;
				IPHONEOS_DEPLOYMENT_TARGET = 10.1;
				MTL_ENABLE_DEBUG_INFO = NO;
				SDKROOT = iphoneos;
				TARGETED_DEVICE_FAMILY = "1,2";
				VALIDATE_PRODUCT = YES;
			};
			name = Release;
		};
		FB5FFB751E5C5C6E007A7069 /* Debug */ = {
			isa = XCBuildConfiguration;
			buildSettings = {
				ASSETCATALOG_COMPILER_APPICON_NAME = AppIcon;
				CODE_SIGN_ENTITLEMENTS = Numbers/Numbers.entitlements;
				DEVELOPMENT_TEAM = G92J989NJ6;
				INFOPLIST_FILE = Numbers/Info.plist;
				LD_RUNPATH_SEARCH_PATHS = "$(inherited) @executable_path/Frameworks";
				PRODUCT_BUNDLE_IDENTIFIER = com.digdes.Numbers;
				PRODUCT_NAME = "$(TARGET_NAME)";
			};
			name = Debug;
		};
		FB5FFB761E5C5C6E007A7069 /* Release */ = {
			isa = XCBuildConfiguration;
			buildSettings = {
				ASSETCATALOG_COMPILER_APPICON_NAME = AppIcon;
				CODE_SIGN_ENTITLEMENTS = Numbers/Numbers.entitlements;
				DEVELOPMENT_TEAM = G92J989NJ6;
				INFOPLIST_FILE = Numbers/Info.plist;
				LD_RUNPATH_SEARCH_PATHS = "$(inherited) @executable_path/Frameworks";
				PRODUCT_BUNDLE_IDENTIFIER = com.digdes.Numbers;
				PRODUCT_NAME = "$(TARGET_NAME)";
			};
			name = Release;
		};
		FB5FFB781E5C5C6E007A7069 /* Debug */ = {
			isa = XCBuildConfiguration;
			buildSettings = {
				BUNDLE_LOADER = "$(TEST_HOST)";
				DEVELOPMENT_TEAM = G92J989NJ6;
				INFOPLIST_FILE = NumbersTests/Info.plist;
				LD_RUNPATH_SEARCH_PATHS = "$(inherited) @executable_path/Frameworks @loader_path/Frameworks";
				PRODUCT_BUNDLE_IDENTIFIER = com.digdes.NumbersTests;
				PRODUCT_NAME = "$(TARGET_NAME)";
				TEST_HOST = "$(BUILT_PRODUCTS_DIR)/Numbers.app/Numbers";
			};
			name = Debug;
		};
		FB5FFB791E5C5C6E007A7069 /* Release */ = {
			isa = XCBuildConfiguration;
			buildSettings = {
				BUNDLE_LOADER = "$(TEST_HOST)";
				DEVELOPMENT_TEAM = G92J989NJ6;
				INFOPLIST_FILE = NumbersTests/Info.plist;
				LD_RUNPATH_SEARCH_PATHS = "$(inherited) @executable_path/Frameworks @loader_path/Frameworks";
				PRODUCT_BUNDLE_IDENTIFIER = com.digdes.NumbersTests;
				PRODUCT_NAME = "$(TARGET_NAME)";
				TEST_HOST = "$(BUILT_PRODUCTS_DIR)/Numbers.app/Numbers";
			};
			name = Release;
		};
		FB5FFB7B1E5C5C6E007A7069 /* Debug */ = {
			isa = XCBuildConfiguration;
			buildSettings = {
				DEVELOPMENT_TEAM = G92J989NJ6;
				INFOPLIST_FILE = NumbersUITests/Info.plist;
				LD_RUNPATH_SEARCH_PATHS = "$(inherited) @executable_path/Frameworks @loader_path/Frameworks";
				PRODUCT_BUNDLE_IDENTIFIER = com.digdes.NumbersUITests;
				PRODUCT_NAME = "$(TARGET_NAME)";
				TEST_TARGET_NAME = Numbers;
			};
			name = Debug;
		};
		FB5FFB7C1E5C5C6E007A7069 /* Release */ = {
			isa = XCBuildConfiguration;
			buildSettings = {
				DEVELOPMENT_TEAM = G92J989NJ6;
				INFOPLIST_FILE = NumbersUITests/Info.plist;
				LD_RUNPATH_SEARCH_PATHS = "$(inherited) @executable_path/Frameworks @loader_path/Frameworks";
				PRODUCT_BUNDLE_IDENTIFIER = com.digdes.NumbersUITests;
				PRODUCT_NAME = "$(TARGET_NAME)";
				TEST_TARGET_NAME = Numbers;
			};
			name = Release;
		};
		FB5FFB911E5C5C8E007A7069 /* Debug */ = {
			isa = XCBuildConfiguration;
			buildSettings = {
				CODE_SIGN_ENTITLEMENTS = WidgetNumber/WidgetNumber.entitlements;
				DEVELOPMENT_TEAM = G92J989NJ6;
				INFOPLIST_FILE = WidgetNumber/Info.plist;
				LD_RUNPATH_SEARCH_PATHS = "$(inherited) @executable_path/Frameworks @executable_path/../../Frameworks";
				PRODUCT_BUNDLE_IDENTIFIER = com.digdes.Numbers.WidgetNumber;
				PRODUCT_NAME = "$(TARGET_NAME)";
				SKIP_INSTALL = YES;
			};
			name = Debug;
		};
		FB5FFB921E5C5C8E007A7069 /* Release */ = {
			isa = XCBuildConfiguration;
			buildSettings = {
				CODE_SIGN_ENTITLEMENTS = WidgetNumber/WidgetNumber.entitlements;
				DEVELOPMENT_TEAM = G92J989NJ6;
				INFOPLIST_FILE = WidgetNumber/Info.plist;
				LD_RUNPATH_SEARCH_PATHS = "$(inherited) @executable_path/Frameworks @executable_path/../../Frameworks";
				PRODUCT_BUNDLE_IDENTIFIER = com.digdes.Numbers.WidgetNumber;
				PRODUCT_NAME = "$(TARGET_NAME)";
				SKIP_INSTALL = YES;
			};
			name = Release;
		};
/* End XCBuildConfiguration section */

/* Begin XCConfigurationList section */
		FB5FFB421E5C5C6D007A7069 /* Build configuration list for PBXProject "Numbers" */ = {
			isa = XCConfigurationList;
			buildConfigurations = (
				FB5FFB721E5C5C6E007A7069 /* Debug */,
				FB5FFB731E5C5C6E007A7069 /* Release */,
			);
			defaultConfigurationIsVisible = 0;
			defaultConfigurationName = Release;
		};
		FB5FFB741E5C5C6E007A7069 /* Build configuration list for PBXNativeTarget "Numbers" */ = {
			isa = XCConfigurationList;
			buildConfigurations = (
				FB5FFB751E5C5C6E007A7069 /* Debug */,
				FB5FFB761E5C5C6E007A7069 /* Release */,
			);
			defaultConfigurationIsVisible = 0;
			defaultConfigurationName = Release;
		};
		FB5FFB771E5C5C6E007A7069 /* Build configuration list for PBXNativeTarget "NumbersTests" */ = {
			isa = XCConfigurationList;
			buildConfigurations = (
				FB5FFB781E5C5C6E007A7069 /* Debug */,
				FB5FFB791E5C5C6E007A7069 /* Release */,
			);
			defaultConfigurationIsVisible = 0;
			defaultConfigurationName = Release;
		};
		FB5FFB7A1E5C5C6E007A7069 /* Build configuration list for PBXNativeTarget "NumbersUITests" */ = {
			isa = XCConfigurationList;
			buildConfigurations = (
				FB5FFB7B1E5C5C6E007A7069 /* Debug */,
				FB5FFB7C1E5C5C6E007A7069 /* Release */,
			);
			defaultConfigurationIsVisible = 0;
			defaultConfigurationName = Release;
		};
		FB5FFB901E5C5C8E007A7069 /* Build configuration list for PBXNativeTarget "WidgetNumber" */ = {
			isa = XCConfigurationList;
			buildConfigurations = (
				FB5FFB911E5C5C8E007A7069 /* Debug */,
				FB5FFB921E5C5C8E007A7069 /* Release */,
			);
			defaultConfigurationIsVisible = 0;
			defaultConfigurationName = Release;
		};
/* End XCConfigurationList section */
	};
	rootObject = FB5FFB3F1E5C5C6D007A7069 /* Project object */;
}
